{
  "version": 4,
  "terraform_version": "1.7.5",
  "serial": 11,
  "lineage": "1704538d-a011-7b96-49a7-3df24c6b04d2",
  "outputs": {},
  "resources": [
    {
      "module": "module.weekly_exercise",
      "mode": "managed",
      "type": "azurerm_network_interface",
      "name": "aznic",
      "provider": "provider[\"registry.terraform.io/hashicorp/azurerm\"]",
      "instances": [
        {
          "index_key": "mv1",
          "schema_version": 0,
          "attributes": {
            "applied_dns_servers": [],
            "auxiliary_mode": "",
            "auxiliary_sku": "",
            "dns_servers": [],
            "edge_zone": "",
            "enable_accelerated_networking": false,
            "enable_ip_forwarding": false,
            "id": "/subscriptions/86f76907-b9d5-46fa-a39d-aff8432a1868/resourceGroups/rg1dnazareno-lab01/providers/Microsoft.Network/networkInterfaces/weekly_aznic1",
            "internal_dns_name_label": "",
            "internal_domain_name_suffix": "fxnbgx3hr20efcwmr5ma5bcode.ax.internal.cloudapp.net",
            "ip_configuration": [
              {
                "gateway_load_balancer_frontend_ip_configuration_id": "",
                "name": "ipconfigmv1",
                "primary": true,
                "private_ip_address": "10.0.2.7",
                "private_ip_address_allocation": "Dynamic",
                "private_ip_address_version": "IPv4",
                "public_ip_address_id": "",
                "subnet_id": "/subscriptions/86f76907-b9d5-46fa-a39d-aff8432a1868/resourceGroups/rg1dnazareno-lab01/providers/Microsoft.Network/virtualNetworks/weekly_network/subnets/weekly_subred"
              }
            ],
            "location": "westeurope",
            "mac_address": "00-0D-3A-39-B4-EF",
            "name": "weekly_aznic1",
            "private_ip_address": "10.0.2.7",
            "private_ip_addresses": [
              "10.0.2.7"
            ],
            "resource_group_name": "rg1dnazareno-lab01",
            "tags": {},
            "timeouts": null,
            "virtual_machine_id": "/subscriptions/86f76907-b9d5-46fa-a39d-aff8432a1868/resourceGroups/rg1dnazareno-lab01/providers/Microsoft.Compute/virtualMachines/weeklymv1"
          },
          "sensitive_attributes": [],
          "private": "eyJlMmJmYjczMC1lY2FhLTExZTYtOGY4OC0zNDM2M2JjN2M0YzAiOnsiY3JlYXRlIjoxODAwMDAwMDAwMDAwLCJkZWxldGUiOjE4MDAwMDAwMDAwMDAsInJlYWQiOjMwMDAwMDAwMDAwMCwidXBkYXRlIjoxODAwMDAwMDAwMDAwfX0=",
          "dependencies": [
            "module.weekly_exercise.azurerm_subnet.azsbn",
            "module.weekly_exercise.azurerm_virtual_network.azvn"
          ]
        },
        {
          "index_key": "mv2",
          "schema_version": 0,
          "attributes": {
            "applied_dns_servers": [],
            "auxiliary_mode": "",
            "auxiliary_sku": "",
            "dns_servers": [],
            "edge_zone": "",
            "enable_accelerated_networking": false,
            "enable_ip_forwarding": false,
            "id": "/subscriptions/86f76907-b9d5-46fa-a39d-aff8432a1868/resourceGroups/rg1dnazareno-lab01/providers/Microsoft.Network/networkInterfaces/weekly_aznic2",
            "internal_dns_name_label": "",
            "internal_domain_name_suffix": "fxnbgx3hr20efcwmr5ma5bcode.ax.internal.cloudapp.net",
            "ip_configuration": [
              {
                "gateway_load_balancer_frontend_ip_configuration_id": "",
                "name": "ipconfigmv2",
                "primary": true,
                "private_ip_address": "10.0.2.6",
                "private_ip_address_allocation": "Dynamic",
                "private_ip_address_version": "IPv4",
                "public_ip_address_id": "",
                "subnet_id": "/subscriptions/86f76907-b9d5-46fa-a39d-aff8432a1868/resourceGroups/rg1dnazareno-lab01/providers/Microsoft.Network/virtualNetworks/weekly_network/subnets/weekly_subred"
              }
            ],
            "location": "westeurope",
            "mac_address": "00-22-48-88-9C-DF",
            "name": "weekly_aznic2",
            "private_ip_address": "10.0.2.6",
            "private_ip_addresses": [
              "10.0.2.6"
            ],
            "resource_group_name": "rg1dnazareno-lab01",
            "tags": {},
            "timeouts": null,
            "virtual_machine_id": "/subscriptions/86f76907-b9d5-46fa-a39d-aff8432a1868/resourceGroups/rg1dnazareno-lab01/providers/Microsoft.Compute/virtualMachines/weeklymv2"
          },
          "sensitive_attributes": [],
          "private": "eyJlMmJmYjczMC1lY2FhLTExZTYtOGY4OC0zNDM2M2JjN2M0YzAiOnsiY3JlYXRlIjoxODAwMDAwMDAwMDAwLCJkZWxldGUiOjE4MDAwMDAwMDAwMDAsInJlYWQiOjMwMDAwMDAwMDAwMCwidXBkYXRlIjoxODAwMDAwMDAwMDAwfX0=",
          "dependencies": [
            "module.weekly_exercise.azurerm_subnet.azsbn",
            "module.weekly_exercise.azurerm_virtual_network.azvn"
          ]
        },
        {
          "index_key": "mv3",
          "schema_version": 0,
          "attributes": {
            "applied_dns_servers": [],
            "auxiliary_mode": "",
            "auxiliary_sku": "",
            "dns_servers": [],
            "edge_zone": "",
            "enable_accelerated_networking": false,
            "enable_ip_forwarding": false,
            "id": "/subscriptions/86f76907-b9d5-46fa-a39d-aff8432a1868/resourceGroups/rg1dnazareno-lab01/providers/Microsoft.Network/networkInterfaces/weekly_aznic3",
            "internal_dns_name_label": "",
            "internal_domain_name_suffix": "fxnbgx3hr20efcwmr5ma5bcode.ax.internal.cloudapp.net",
            "ip_configuration": [
              {
                "gateway_load_balancer_frontend_ip_configuration_id": "",
                "name": "ipconfigmv3",
                "primary": true,
                "private_ip_address": "10.0.2.5",
                "private_ip_address_allocation": "Dynamic",
                "private_ip_address_version": "IPv4",
                "public_ip_address_id": "",
                "subnet_id": "/subscriptions/86f76907-b9d5-46fa-a39d-aff8432a1868/resourceGroups/rg1dnazareno-lab01/providers/Microsoft.Network/virtualNetworks/weekly_network/subnets/weekly_subred"
              }
            ],
            "location": "westeurope",
            "mac_address": "00-0D-3A-3A-10-CE",
            "name": "weekly_aznic3",
            "private_ip_address": "10.0.2.5",
            "private_ip_addresses": [
              "10.0.2.5"
            ],
            "resource_group_name": "rg1dnazareno-lab01",
            "tags": {},
            "timeouts": null,
            "virtual_machine_id": "/subscriptions/86f76907-b9d5-46fa-a39d-aff8432a1868/resourceGroups/rg1dnazareno-lab01/providers/Microsoft.Compute/virtualMachines/weeklymv3"
          },
          "sensitive_attributes": [],
          "private": "eyJlMmJmYjczMC1lY2FhLTExZTYtOGY4OC0zNDM2M2JjN2M0YzAiOnsiY3JlYXRlIjoxODAwMDAwMDAwMDAwLCJkZWxldGUiOjE4MDAwMDAwMDAwMDAsInJlYWQiOjMwMDAwMDAwMDAwMCwidXBkYXRlIjoxODAwMDAwMDAwMDAwfX0=",
          "dependencies": [
            "module.weekly_exercise.azurerm_subnet.azsbn",
            "module.weekly_exercise.azurerm_virtual_network.azvn"
          ]
        }
      ]
    },
    {
      "module": "module.weekly_exercise",
      "mode": "managed",
      "type": "azurerm_subnet",
      "name": "azsbn",
      "provider": "provider[\"registry.terraform.io/hashicorp/azurerm\"]",
      "instances": [
        {
          "schema_version": 0,
          "attributes": {
            "address_prefixes": [
              "10.0.2.0/24"
            ],
            "delegation": [],
            "enforce_private_link_endpoint_network_policies": false,
            "enforce_private_link_service_network_policies": false,
            "id": "/subscriptions/86f76907-b9d5-46fa-a39d-aff8432a1868/resourceGroups/rg1dnazareno-lab01/providers/Microsoft.Network/virtualNetworks/weekly_network/subnets/weekly_subred",
            "name": "weekly_subred",
            "private_endpoint_network_policies_enabled": true,
            "private_link_service_network_policies_enabled": true,
            "resource_group_name": "rg1dnazareno-lab01",
            "service_endpoint_policy_ids": [],
            "service_endpoints": [],
            "timeouts": null,
            "virtual_network_name": "weekly_network"
          },
          "sensitive_attributes": [],
          "private": "eyJlMmJmYjczMC1lY2FhLTExZTYtOGY4OC0zNDM2M2JjN2M0YzAiOnsiY3JlYXRlIjoxODAwMDAwMDAwMDAwLCJkZWxldGUiOjE4MDAwMDAwMDAwMDAsInJlYWQiOjMwMDAwMDAwMDAwMCwidXBkYXRlIjoxODAwMDAwMDAwMDAwfX0=",
          "dependencies": [
            "module.weekly_exercise.azurerm_virtual_network.azvn"
          ]
        }
      ]
    },
    {
      "module": "module.weekly_exercise",
      "mode": "managed",
      "type": "azurerm_virtual_network",
      "name": "azvn",
      "provider": "provider[\"registry.terraform.io/hashicorp/azurerm\"]",
      "instances": [
        {
          "schema_version": 0,
          "attributes": {
            "address_space": [
              "10.0.0.0/16"
            ],
            "bgp_community": "",
            "ddos_protection_plan": [],
            "dns_servers": [],
            "edge_zone": "",
            "encryption": [],
            "flow_timeout_in_minutes": 0,
            "guid": "5f13da2d-8fa7-4234-8acc-8fd80f844e1c",
            "id": "/subscriptions/86f76907-b9d5-46fa-a39d-aff8432a1868/resourceGroups/rg1dnazareno-lab01/providers/Microsoft.Network/virtualNetworks/weekly_network",
            "location": "westeurope",
            "name": "weekly_network",
            "resource_group_name": "rg1dnazareno-lab01",
            "subnet": [
              {
                "address_prefix": "10.0.2.0/24",
                "id": "/subscriptions/86f76907-b9d5-46fa-a39d-aff8432a1868/resourceGroups/rg1dnazareno-lab01/providers/Microsoft.Network/virtualNetworks/weekly_network/subnets/weekly_subred",
                "name": "weekly_subred",
                "security_group": "/subscriptions/86f76907-b9d5-46fa-a39d-aff8432a1868/resourceGroups/rg1dnazareno-lab01/providers/Microsoft.Network/networkSecurityGroups/weekly_secgroup"
              }
            ],
            "tags": {},
            "timeouts": null
          },
          "sensitive_attributes": [],
          "private": "eyJlMmJmYjczMC1lY2FhLTExZTYtOGY4OC0zNDM2M2JjN2M0YzAiOnsiY3JlYXRlIjoxODAwMDAwMDAwMDAwLCJkZWxldGUiOjE4MDAwMDAwMDAwMDAsInJlYWQiOjMwMDAwMDAwMDAwMCwidXBkYXRlIjoxODAwMDAwMDAwMDAwfX0="
        }
      ]
    }
  ],
  "check_results": null
}
